
Microsoft Visual Studio Solution File, Format Version 12.00
# Visual Studio Version 17
VisualStudioVersion = 17.6.33815.320
MinimumVisualStudioVersion = 10.0.40219.1
Project("{9A19103F-16F7-4668-BE54-9A1E7A4F7556}") = "Bookshop", "src\Bookshop\Bookshop.csproj", "{368A1EFB-4042-496C-BDA2-998FB7A84C60}"
EndProject
Project("{2150E333-8FDC-42A3-9474-1A3956D46DE8}") = "Solution Items", "Solution Items", "{7D12C18C-A758-455E-B3A6-A49695ED6221}"
	ProjectSection(SolutionItems) = preProject
		.editorconfig = .editorconfig
	EndProjectSection
EndProject
Global
	GlobalSection(SolutionConfigurationPlatforms) = preSolution
		Debug|Any CPU = Debug|Any CPU
		Release|Any CPU = Release|Any CPU
	EndGlobalSection
	GlobalSection(ProjectConfigurationPlatforms) = postSolution
		{368A1EFB-4042-496C-BDA2-998FB7A84C60}.Debug|Any CPU.ActiveCfg = Debug|Any CPU
		{368A1EFB-4042-496C-BDA2-998FB7A84C60}.Debug|Any CPU.Build.0 = Debug|Any CPU
		{368A1EFB-4042-496C-BDA2-998FB7A84C60}.Debug|Any CPU.Deploy.0 = Debug|Any CPU
		{368A1EFB-4042-496C-BDA2-998FB7A84C60}.Release|Any CPU.ActiveCfg = Release|Any CPU
		{368A1EFB-4042-496C-BDA2-998FB7A84C60}.Release|Any CPU.Build.0 = Release|Any CPU
		{368A1EFB-4042-496C-BDA2-998FB7A84C60}.Release|Any CPU.Deploy.0 = Release|Any CPU
	EndGlobalSection
	GlobalSection(SolutionProperties) = preSolution
		HideSolutionNode = FALSE
	EndGlobalSection
	GlobalSection(ExtensibilityGlobals) = postSolution
		SolutionGuid = {F640AC2B-87A9-47DB-90A0-B91E61E36C39}
	EndGlobalSection
EndGlobal
